<?xml version="1.0" encoding="utf-8"?>
<Project ToolsVersion="4.0" xmlns="http://schemas.microsoft.com/developer/msbuild/2003">
  <ItemGroup>
    <Filter Include="include">
      <UniqueIdentifier>{ea9208e2-31b8-42ef-988b-c4b8863f6488}</UniqueIdentifier>
    </Filter>
    <Filter Include="src">
      <UniqueIdentifier>{1b0eb415-aff2-405e-b750-9c7a3a309a2b}</UniqueIdentifier>
    </Filter>
  </ItemGroup>
  <ItemGroup>
    <ClInclude Include="include\curl\options.h">
      <Filter>include</Filter>
    </ClInclude>
    <ClInclude Include="include\curl\stdcheaders.h">
      <Filter>include</Filter>
    </ClInclude>
    <ClInclude Include="include\curl\system.h">
      <Filter>include</Filter>
    </ClInclude>
    <ClInclude Include="include\curl\typecheck-gcc.h">
      <Filter>include</Filter>
    </ClInclude>
    <ClInclude Include="include\curl\urlapi.h">
      <Filter>include</Filter>
    </ClInclude>
    <ClInclude Include="include\curl\websockets.h">
      <Filter>include</Filter>
    </ClInclude>
    <ClInclude Include="include\curl\curl.h">
      <Filter>include</Filter>
    </ClInclude>
    <ClInclude Include="include\curl\curlver.h">
      <Filter>include</Filter>
    </ClInclude>
    <ClInclude Include="include\curl\easy.h">
      <Filter>include</Filter>
    </ClInclude>
    <ClInclude Include="include\curl\header.h">
      <Filter>include</Filter>
    </ClInclude>
    <ClInclude Include="include\curl\mprintf.h">
      <Filter>include</Filter>
    </ClInclude>
    <ClInclude Include="include\curl\multi.h">
      <Filter>include</Filter>
    </ClInclude>
    <ClInclude Include="lib\cf-h2-proxy.h">
      <Filter>src</Filter>
    </ClInclude>
    <ClInclude Include="lib\cf-haproxy.h">
      <Filter>src</Filter>
    </ClInclude>
    <ClInclude Include="lib\cf-https-connect.h">
      <Filter>src</Filter>
    </ClInclude>
    <ClInclude Include="lib\cfilters.h">
      <Filter>src</Filter>
    </ClInclude>
    <ClInclude Include="lib\cf-socket.h">
      <Filter>src</Filter>
    </ClInclude>
    <ClInclude Include="lib\config-mac.h">
      <Filter>src</Filter>
    </ClInclude>
    <ClInclude Include="lib\config-os400.h">
      <Filter>src</Filter>
    </ClInclude>
    <ClInclude Include="lib\config-plan9.h">
      <Filter>src</Filter>
    </ClInclude>
    <ClInclude Include="lib\config-riscos.h">
      <Filter>src</Filter>
    </ClInclude>
    <ClInclude Include="lib\config-win32.h">
      <Filter>src</Filter>
    </ClInclude>
    <ClInclude Include="lib\conncache.h">
      <Filter>src</Filter>
    </ClInclude>
    <ClInclude Include="lib\connect.h">
      <Filter>src</Filter>
    </ClInclude>
    <ClInclude Include="lib\content_encoding.h">
      <Filter>src</Filter>
    </ClInclude>
    <ClInclude Include="lib\cookie.h">
      <Filter>src</Filter>
    </ClInclude>
    <ClInclude Include="lib\cshutdn.h">
      <Filter>src</Filter>
    </ClInclude>
    <ClInclude Include="lib\curl_addrinfo.h">
      <Filter>src</Filter>
    </ClInclude>
    <ClInclude Include="lib\curl_base64.h">
      <Filter>src</Filter>
    </ClInclude>
    <ClInclude Include="lib\curl_ctype.h">
      <Filter>src</Filter>
    </ClInclude>
    <ClInclude Include="lib\curl_des.h">
      <Filter>src</Filter>
    </ClInclude>
    <ClInclude Include="lib\curl_endian.h">
      <Filter>src</Filter>
    </ClInclude>
    <ClInclude Include="lib\curl_fnmatch.h">
      <Filter>src</Filter>
    </ClInclude>
    <ClInclude Include="lib\curl_get_line.h">
      <Filter>src</Filter>
    </ClInclude>
    <ClInclude Include="lib\curl_gethostname.h">
      <Filter>src</Filter>
    </ClInclude>
    <ClInclude Include="lib\curl_gssapi.h">
      <Filter>src</Filter>
    </ClInclude>
    <ClInclude Include="lib\curl_hmac.h">
      <Filter>src</Filter>
    </ClInclude>
    <ClInclude Include="lib\curl_krb5.h">
      <Filter>src</Filter>
    </ClInclude>
    <ClInclude Include="lib\curl_ldap.h">
      <Filter>src</Filter>
    </ClInclude>
    <ClInclude Include="lib\curl_md4.h">
      <Filter>src</Filter>
    </ClInclude>
    <ClInclude Include="lib\curl_md5.h">
      <Filter>src</Filter>
    </ClInclude>
    <ClInclude Include="lib\curl_memory.h">
      <Filter>src</Filter>
    </ClInclude>
    <ClInclude Include="lib\curl_memrchr.h">
      <Filter>src</Filter>
    </ClInclude>
    <ClInclude Include="lib\curl_multibyte.h">
      <Filter>src</Filter>
    </ClInclude>
    <ClInclude Include="lib\curl_ntlm_core.h">
      <Filter>src</Filter>
    </ClInclude>
    <ClInclude Include="lib\curl_printf.h">
      <Filter>src</Filter>
    </ClInclude>
    <ClInclude Include="lib\curl_range.h">
      <Filter>src</Filter>
    </ClInclude>
    <ClInclude Include="lib\curl_rtmp.h">
      <Filter>src</Filter>
    </ClInclude>
    <ClInclude Include="lib\curl_sasl.h">
      <Filter>src</Filter>
    </ClInclude>
    <ClInclude Include="lib\curl_setup.h">
      <Filter>src</Filter>
    </ClInclude>
    <ClInclude Include="lib\curl_setup_once.h">
      <Filter>src</Filter>
    </ClInclude>
    <ClInclude Include="lib\curl_sha256.h">
      <Filter>src</Filter>
    </ClInclude>
    <ClInclude Include="lib\curl_sha512_256.h">
      <Filter>src</Filter>
    </ClInclude>
    <ClInclude Include="lib\curl_sspi.h">
      <Filter>src</Filter>
    </ClInclude>
    <ClInclude Include="lib\curl_threads.h">
      <Filter>src</Filter>
    </ClInclude>
    <ClInclude Include="lib\curl_trc.h">
      <Filter>src</Filter>
    </ClInclude>
    <ClInclude Include="lib\curlx.h">
      <Filter>src</Filter>
    </ClInclude>
    <ClInclude Include="lib\cw-out.h">
      <Filter>src</Filter>
    </ClInclude>
    <ClInclude Include="lib\cw-pause.h">
      <Filter>src</Filter>
    </ClInclude>
    <ClInclude Include="lib\dict.h">
      <Filter>src</Filter>
    </ClInclude>
    <ClInclude Include="lib\doh.h">
      <Filter>src</Filter>
    </ClInclude>
    <ClInclude Include="lib\dynbuf.h">
      <Filter>src</Filter>
    </ClInclude>
    <ClInclude Include="lib\dynhds.h">
      <Filter>src</Filter>
    </ClInclude>
    <ClInclude Include="lib\easy_lock.h">
      <Filter>src</Filter>
    </ClInclude>
    <ClInclude Include="lib\easyif.h">
      <Filter>src</Filter>
    </ClInclude>
    <ClInclude Include="lib\easyoptions.h">
      <Filter>src</Filter>
    </ClInclude>
    <ClInclude Include="lib\escape.h">
      <Filter>src</Filter>
    </ClInclude>
    <ClInclude Include="lib\file.h">
      <Filter>src</Filter>
    </ClInclude>
    <ClInclude Include="lib\fileinfo.h">
      <Filter>src</Filter>
    </ClInclude>
    <ClInclude Include="lib\fopen.h">
      <Filter>src</Filter>
    </ClInclude>
    <ClInclude Include="lib\formdata.h">
      <Filter>src</Filter>
    </ClInclude>
    <ClInclude Include="lib\ftp.h">
      <Filter>src</Filter>
    </ClInclude>
    <ClInclude Include="lib\ftplistparser.h">
      <Filter>src</Filter>
    </ClInclude>
    <ClInclude Include="lib\functypes.h">
      <Filter>src</Filter>
    </ClInclude>
    <ClInclude Include="lib\getinfo.h">
      <Filter>src</Filter>
    </ClInclude>
    <ClInclude Include="lib\gopher.h">
      <Filter>src</Filter>
    </ClInclude>
    <ClInclude Include="lib\hash.h">
      <Filter>src</Filter>
    </ClInclude>
    <ClInclude Include="lib\hash_offt.h">
      <Filter>src</Filter>
    </ClInclude>
    <ClInclude Include="lib\headers.h">
      <Filter>src</Filter>
    </ClInclude>
    <ClInclude Include="lib\hostip.h">
      <Filter>src</Filter>
    </ClInclude>
    <ClInclude Include="lib\hsts.h">
      <Filter>src</Filter>
    </ClInclude>
    <ClInclude Include="lib\http.h">
      <Filter>src</Filter>
    </ClInclude>
    <ClInclude Include="lib\http_aws_sigv4.h">
      <Filter>src</Filter>
    </ClInclude>
    <ClInclude Include="lib\http_chunks.h">
      <Filter>src</Filter>
    </ClInclude>
    <ClInclude Include="lib\http_digest.h">
      <Filter>src</Filter>
    </ClInclude>
    <ClInclude Include="lib\http_negotiate.h">
      <Filter>src</Filter>
    </ClInclude>
    <ClInclude Include="lib\http_ntlm.h">
      <Filter>src</Filter>
    </ClInclude>
    <ClInclude Include="lib\http_proxy.h">
      <Filter>src</Filter>
    </ClInclude>
    <ClInclude Include="lib\http1.h">
      <Filter>src</Filter>
    </ClInclude>
    <ClInclude Include="lib\http2.h">
      <Filter>src</Filter>
    </ClInclude>
    <ClInclude Include="lib\httpsrr.h">
      <Filter>src</Filter>
    </ClInclude>
    <ClInclude Include="lib\idn.h">
      <Filter>src</Filter>
    </ClInclude>
    <ClInclude Include="lib\if2ip.h">
      <Filter>src</Filter>
    </ClInclude>
    <ClInclude Include="lib\imap.h">
      <Filter>src</Filter>
    </ClInclude>
    <ClInclude Include="lib\inet_ntop.h">
      <Filter>src</Filter>
    </ClInclude>
    <ClInclude Include="lib\inet_pton.h">
      <Filter>src</Filter>
    </ClInclude>
    <ClInclude Include="lib\llist.h">
      <Filter>src</Filter>
    </ClInclude>
    <ClInclude Include="lib\macos.h">
      <Filter>src</Filter>
    </ClInclude>
    <ClInclude Include="lib\memdebug.h">
      <Filter>src</Filter>
    </ClInclude>
    <ClInclude Include="lib\mime.h">
      <Filter>src</Filter>
    </ClInclude>
    <ClInclude Include="lib\mqtt.h">
      <Filter>src</Filter>
    </ClInclude>
    <ClInclude Include="lib\multi_ev.h">
      <Filter>src</Filter>
    </ClInclude>
    <ClInclude Include="lib\multihandle.h">
      <Filter>src</Filter>
    </ClInclude>
    <ClInclude Include="lib\multiif.h">
      <Filter>src</Filter>
    </ClInclude>
    <ClInclude Include="lib\netrc.h">
      <Filter>src</Filter>
    </ClInclude>
    <ClInclude Include="lib\nonblock.h">
      <Filter>src</Filter>
    </ClInclude>
    <ClInclude Include="lib\noproxy.h">
      <Filter>src</Filter>
    </ClInclude>
    <ClInclude Include="lib\parsedate.h">
      <Filter>src</Filter>
    </ClInclude>
    <ClInclude Include="lib\pingpong.h">
      <Filter>src</Filter>
    </ClInclude>
    <ClInclude Include="lib\pop3.h">
      <Filter>src</Filter>
    </ClInclude>
    <ClInclude Include="lib\progress.h">
      <Filter>src</Filter>
    </ClInclude>
    <ClInclude Include="lib\psl.h">
      <Filter>src</Filter>
    </ClInclude>
    <ClInclude Include="lib\rand.h">
      <Filter>src</Filter>
    </ClInclude>
    <ClInclude Include="lib\rename.h">
      <Filter>src</Filter>
    </ClInclude>
    <ClInclude Include="lib\request.h">
      <Filter>src</Filter>
    </ClInclude>
    <ClInclude Include="lib\rtsp.h">
      <Filter>src</Filter>
    </ClInclude>
    <ClInclude Include="lib\select.h">
      <Filter>src</Filter>
    </ClInclude>
    <ClInclude Include="lib\sendf.h">
      <Filter>src</Filter>
    </ClInclude>
    <ClInclude Include="lib\setopt.h">
      <Filter>src</Filter>
    </ClInclude>
    <ClInclude Include="lib\setup-os400.h">
      <Filter>src</Filter>
    </ClInclude>
    <ClInclude Include="lib\setup-vms.h">
      <Filter>src</Filter>
    </ClInclude>
    <ClInclude Include="lib\setup-win32.h">
      <Filter>src</Filter>
    </ClInclude>
    <ClInclude Include="lib\share.h">
      <Filter>src</Filter>
    </ClInclude>
    <ClInclude Include="lib\sigpipe.h">
      <Filter>src</Filter>
    </ClInclude>
    <ClInclude Include="lib\slist.h">
      <Filter>src</Filter>
    </ClInclude>
    <ClInclude Include="lib\smb.h">
      <Filter>src</Filter>
    </ClInclude>
    <ClInclude Include="lib\smtp.h">
      <Filter>src</Filter>
    </ClInclude>
    <ClInclude Include="lib\sockaddr.h">
      <Filter>src</Filter>
    </ClInclude>
    <ClInclude Include="lib\socketpair.h">
      <Filter>src</Filter>
    </ClInclude>
    <ClInclude Include="lib\socks.h">
      <Filter>src</Filter>
    </ClInclude>
    <ClInclude Include="lib\speedcheck.h">
      <Filter>src</Filter>
    </ClInclude>
    <ClInclude Include="lib\splay.h">
      <Filter>src</Filter>
    </ClInclude>
    <ClInclude Include="lib\strcase.h">
      <Filter>src</Filter>
    </ClInclude>
    <ClInclude Include="lib\strdup.h">
      <Filter>src</Filter>
    </ClInclude>
    <ClInclude Include="lib\strerror.h">
      <Filter>src</Filter>
    </ClInclude>
    <ClInclude Include="lib\strparse.h">
      <Filter>src</Filter>
    </ClInclude>
    <ClInclude Include="lib\system_win32.h">
      <Filter>src</Filter>
    </ClInclude>
    <ClInclude Include="lib\telnet.h">
      <Filter>src</Filter>
    </ClInclude>
    <ClInclude Include="lib\tftp.h">
      <Filter>src</Filter>
    </ClInclude>
    <ClInclude Include="lib\timediff.h">
      <Filter>src</Filter>
    </ClInclude>
    <ClInclude Include="lib\timeval.h">
      <Filter>src</Filter>
    </ClInclude>
    <ClInclude Include="lib\transfer.h">
      <Filter>src</Filter>
    </ClInclude>
    <ClInclude Include="lib\url.h">
      <Filter>src</Filter>
    </ClInclude>
    <ClInclude Include="lib\urlapi-int.h">
      <Filter>src</Filter>
    </ClInclude>
    <ClInclude Include="lib\urldata.h">
      <Filter>src</Filter>
    </ClInclude>
    <ClInclude Include="lib\version_win32.h">
      <Filter>src</Filter>
    </ClInclude>
    <ClInclude Include="lib\warnless.h">
      <Filter>src</Filter>
    </ClInclude>
    <ClInclude Include="lib\ws.h">
      <Filter>src</Filter>
    </ClInclude>
    <ClInclude Include="lib\vauth\digest.h">
      <Filter>src</Filter>
    </ClInclude>
    <ClInclude Include="lib\vauth\vauth.h">
      <Filter>src</Filter>
    </ClInclude>
    <ClInclude Include="lib\vquic\curl_msh3.h">
      <Filter>src</Filter>
    </ClInclude>
    <ClInclude Include="lib\vquic\curl_ngtcp2.h">
      <Filter>src</Filter>
    </ClInclude>
    <ClInclude Include="lib\vquic\curl_osslq.h">
      <Filter>src</Filter>
    </ClInclude>
    <ClInclude Include="lib\vquic\curl_quiche.h">
      <Filter>src</Filter>
    </ClInclude>
    <ClInclude Include="lib\vquic\vquic-tls.h">
      <Filter>src</Filter>
    </ClInclude>
    <ClInclude Include="lib\vquic\vquic.h">
      <Filter>src</Filter>
    </ClInclude>
    <ClInclude Include="lib\vquic\vquic_int.h">
      <Filter>src</Filter>
    </ClInclude>
    <ClInclude Include="lib\vssh\curl_path.h">
      <Filter>src</Filter>
    </ClInclude>
    <ClInclude Include="lib\vssh\ssh.h">
      <Filter>src</Filter>
    </ClInclude>
    <ClInclude Include="lib\vtls\bearssl.h">
      <Filter>src</Filter>
    </ClInclude>
    <ClInclude Include="lib\vtls\cipher_suite.h">
      <Filter>src</Filter>
    </ClInclude>
    <ClInclude Include="lib\vtls\gtls.h">
      <Filter>src</Filter>
    </ClInclude>
    <ClInclude Include="lib\vtls\hostcheck.h">
      <Filter>src</Filter>
    </ClInclude>
    <ClInclude Include="lib\vtls\keylog.h">
      <Filter>src</Filter>
    </ClInclude>
    <ClInclude Include="lib\vtls\mbedtls.h">
      <Filter>src</Filter>
    </ClInclude>
    <ClInclude Include="lib\vtls\mbedtls_threadlock.h">
      <Filter>src</Filter>
    </ClInclude>
    <ClInclude Include="lib\vtls\openssl.h">
      <Filter>src</Filter>
    </ClInclude>
    <ClInclude Include="lib\vtls\rustls.h">
      <Filter>src</Filter>
    </ClInclude>
    <ClInclude Include="lib\vtls\schannel.h">
      <Filter>src</Filter>
    </ClInclude>
    <ClInclude Include="lib\vtls\schannel_int.h">
      <Filter>src</Filter>
    </ClInclude>
    <ClInclude Include="lib\vtls\sectransp.h">
      <Filter>src</Filter>
    </ClInclude>
    <ClInclude Include="lib\vtls\vtls.h">
      <Filter>src</Filter>
    </ClInclude>
    <ClInclude Include="lib\vtls\vtls_int.h">
      <Filter>src</Filter>
    </ClInclude>
    <ClInclude Include="lib\vtls\vtls_scache.h">
      <Filter>src</Filter>
    </ClInclude>
    <ClInclude Include="lib\vtls\vtls_spack.h">
      <Filter>src</Filter>
    </ClInclude>
    <ClInclude Include="lib\vtls\wolfssl.h">
      <Filter>src</Filter>
    </ClInclude>
    <ClInclude Include="lib\vtls\x509asn1.h">
      <Filter>src</Filter>
    </ClInclude>
    <ClInclude Include="lib\altsvc.h">
      <Filter>src</Filter>
    </ClInclude>
    <ClInclude Include="lib\amigaos.h">
      <Filter>src</Filter>
    </ClInclude>
    <ClInclude Include="lib\arpa_telnet.h">
      <Filter>src</Filter>
    </ClInclude>
    <ClInclude Include="lib\asyn.h">
      <Filter>src</Filter>
    </ClInclude>
    <ClInclude Include="lib\bufq.h">
      <Filter>src</Filter>
    </ClInclude>
    <ClInclude Include="lib\bufref.h">
      <Filter>src</Filter>
    </ClInclude>
    <ClInclude Include="lib\cf-h1-proxy.h">
      <Filter>src</Filter>
    </ClInclude>
  </ItemGroup>
  <ItemGroup>
    <ClCompile Include="lib\cf-h2-proxy.c">
      <Filter>src</Filter>
    </ClCompile>
    <ClCompile Include="lib\cf-haproxy.c">
      <Filter>src</Filter>
    </ClCompile>
    <ClCompile Include="lib\cf-https-connect.c">
      <Filter>src</Filter>
    </ClCompile>
    <ClCompile Include="lib\cfilters.c">
      <Filter>src</Filter>
    </ClCompile>
    <ClCompile Include="lib\cf-socket.c">
      <Filter>src</Filter>
    </ClCompile>
    <ClCompile Include="lib\conncache.c">
      <Filter>src</Filter>
    </ClCompile>
    <ClCompile Include="lib\connect.c">
      <Filter>src</Filter>
    </ClCompile>
    <ClCompile Include="lib\content_encoding.c">
      <Filter>src</Filter>
    </ClCompile>
    <ClCompile Include="lib\cookie.c">
      <Filter>src</Filter>
    </ClCompile>
    <ClCompile Include="lib\cshutdn.c">
      <Filter>src</Filter>
    </ClCompile>
    <ClCompile Include="lib\curl_addrinfo.c">
      <Filter>src</Filter>
    </ClCompile>
    <ClCompile Include="lib\curl_des.c">
      <Filter>src</Filter>
    </ClCompile>
    <ClCompile Include="lib\curl_endian.c">
      <Filter>src</Filter>
    </ClCompile>
    <ClCompile Include="lib\curl_fnmatch.c">
      <Filter>src</Filter>
    </ClCompile>
    <ClCompile Include="lib\curl_get_line.c">
      <Filter>src</Filter>
    </ClCompile>
    <ClCompile Include="lib\curl_gethostname.c">
      <Filter>src</Filter>
    </ClCompile>
    <ClCompile Include="lib\curl_gssapi.c">
      <Filter>src</Filter>
    </ClCompile>
    <ClCompile Include="lib\curl_memrchr.c">
      <Filter>src</Filter>
    </ClCompile>
    <ClCompile Include="lib\curl_multibyte.c">
      <Filter>src</Filter>
    </ClCompile>
    <ClCompile Include="lib\curl_ntlm_core.c">
      <Filter>src</Filter>
    </ClCompile>
    <ClCompile Include="lib\curl_range.c">
      <Filter>src</Filter>
    </ClCompile>
    <ClCompile Include="lib\curl_rtmp.c">
      <Filter>src</Filter>
    </ClCompile>
    <ClCompile Include="lib\curl_sasl.c">
      <Filter>src</Filter>
    </ClCompile>
    <ClCompile Include="lib\curl_sha512_256.c">
      <Filter>src</Filter>
    </ClCompile>
    <ClCompile Include="lib\curl_sspi.c">
      <Filter>src</Filter>
    </ClCompile>
    <ClCompile Include="lib\curl_threads.c">
      <Filter>src</Filter>
    </ClCompile>
    <ClCompile Include="lib\curl_trc.c">
      <Filter>src</Filter>
    </ClCompile>
    <ClCompile Include="lib\cw-out.c">
      <Filter>src</Filter>
    </ClCompile>
    <ClCompile Include="lib\cw-pause.c">
      <Filter>src</Filter>
    </ClCompile>
    <ClCompile Include="lib\dict.c">
      <Filter>src</Filter>
    </ClCompile>
    <ClCompile Include="lib\dllmain.c">
      <Filter>src</Filter>
    </ClCompile>
    <ClCompile Include="lib\doh.c">
      <Filter>src</Filter>
    </ClCompile>
    <ClCompile Include="lib\dynbuf.c">
      <Filter>src</Filter>
    </ClCompile>
    <ClCompile Include="lib\dynhds.c">
      <Filter>src</Filter>
    </ClCompile>
    <ClCompile Include="lib\easy.c">
      <Filter>src</Filter>
    </ClCompile>
    <ClCompile Include="lib\easygetopt.c">
      <Filter>src</Filter>
    </ClCompile>
    <ClCompile Include="lib\easyoptions.c">
      <Filter>src</Filter>
    </ClCompile>
    <ClCompile Include="lib\escape.c">
      <Filter>src</Filter>
    </ClCompile>
    <ClCompile Include="lib\file.c">
      <Filter>src</Filter>
    </ClCompile>
    <ClCompile Include="lib\fileinfo.c">
      <Filter>src</Filter>
    </ClCompile>
    <ClCompile Include="lib\fopen.c">
      <Filter>src</Filter>
    </ClCompile>
    <ClCompile Include="lib\formdata.c">
      <Filter>src</Filter>
    </ClCompile>
    <ClCompile Include="lib\ftp.c">
      <Filter>src</Filter>
    </ClCompile>
    <ClCompile Include="lib\ftplistparser.c">
      <Filter>src</Filter>
    </ClCompile>
    <ClCompile Include="lib\getenv.c">
      <Filter>src</Filter>
    </ClCompile>
    <ClCompile Include="lib\getinfo.c">
      <Filter>src</Filter>
    </ClCompile>
    <ClCompile Include="lib\gopher.c">
      <Filter>src</Filter>
    </ClCompile>
    <ClCompile Include="lib\hash.c">
      <Filter>src</Filter>
    </ClCompile>
    <ClCompile Include="lib\hash_offt.c">
      <Filter>src</Filter>
    </ClCompile>
    <ClCompile Include="lib\headers.c">
      <Filter>src</Filter>
    </ClCompile>
    <ClCompile Include="lib\hmac.c">
      <Filter>src</Filter>
    </ClCompile>
    <ClCompile Include="lib\hostasyn.c">
      <Filter>src</Filter>
    </ClCompile>
    <ClCompile Include="lib\hostip.c">
      <Filter>src</Filter>
    </ClCompile>
    <ClCompile Include="lib\hostip4.c">
      <Filter>src</Filter>
    </ClCompile>
    <ClCompile Include="lib\hostip6.c">
      <Filter>src</Filter>
    </ClCompile>
    <ClCompile Include="lib\hostsyn.c">
      <Filter>src</Filter>
    </ClCompile>
    <ClCompile Include="lib\hsts.c">
      <Filter>src</Filter>
    </ClCompile>
    <ClCompile Include="lib\http.c">
      <Filter>src</Filter>
    </ClCompile>
    <ClCompile Include="lib\http_aws_sigv4.c">
      <Filter>src</Filter>
    </ClCompile>
    <ClCompile Include="lib\http_chunks.c">
      <Filter>src</Filter>
    </ClCompile>
    <ClCompile Include="lib\http_digest.c">
      <Filter>src</Filter>
    </ClCompile>
    <ClCompile Include="lib\http_negotiate.c">
      <Filter>src</Filter>
    </ClCompile>
    <ClCompile Include="lib\http_ntlm.c">
      <Filter>src</Filter>
    </ClCompile>
    <ClCompile Include="lib\http_proxy.c">
      <Filter>src</Filter>
    </ClCompile>
    <ClCompile Include="lib\http1.c">
      <Filter>src</Filter>
    </ClCompile>
    <ClCompile Include="lib\http2.c">
      <Filter>src</Filter>
    </ClCompile>
    <ClCompile Include="lib\httpsrr.c">
      <Filter>src</Filter>
    </ClCompile>
    <ClCompile Include="lib\idn.c">
      <Filter>src</Filter>
    </ClCompile>
    <ClCompile Include="lib\if2ip.c">
      <Filter>src</Filter>
    </ClCompile>
    <ClCompile Include="lib\imap.c">
      <Filter>src</Filter>
    </ClCompile>
    <ClCompile Include="lib\inet_ntop.c">
      <Filter>src</Filter>
    </ClCompile>
    <ClCompile Include="lib\inet_pton.c">
      <Filter>src</Filter>
    </ClCompile>
    <ClCompile Include="lib\krb5.c">
      <Filter>src</Filter>
    </ClCompile>
    <ClCompile Include="lib\ldap.c">
      <Filter>src</Filter>
    </ClCompile>
    <ClCompile Include="lib\llist.c">
      <Filter>src</Filter>
    </ClCompile>
    <ClCompile Include="lib\macos.c">
      <Filter>src</Filter>
    </ClCompile>
    <ClCompile Include="lib\md4.c">
      <Filter>src</Filter>
    </ClCompile>
    <ClCompile Include="lib\md5.c">
      <Filter>src</Filter>
    </ClCompile>
    <ClCompile Include="lib\memdebug.c">
      <Filter>src</Filter>
    </ClCompile>
    <ClCompile Include="lib\mime.c">
      <Filter>src</Filter>
    </ClCompile>
    <ClCompile Include="lib\mprintf.c">
      <Filter>src</Filter>
    </ClCompile>
    <ClCompile Include="lib\mqtt.c">
      <Filter>src</Filter>
    </ClCompile>
    <ClCompile Include="lib\multi.c">
      <Filter>src</Filter>
    </ClCompile>
    <ClCompile Include="lib\multi_ev.c">
      <Filter>src</Filter>
    </ClCompile>
    <ClCompile Include="lib\netrc.c">
      <Filter>src</Filter>
    </ClCompile>
    <ClCompile Include="lib\nonblock.c">
      <Filter>src</Filter>
    </ClCompile>
    <ClCompile Include="lib\noproxy.c">
      <Filter>src</Filter>
    </ClCompile>
    <ClCompile Include="lib\openldap.c">
      <Filter>src</Filter>
    </ClCompile>
    <ClCompile Include="lib\parsedate.c">
      <Filter>src</Filter>
    </ClCompile>
    <ClCompile Include="lib\pingpong.c">
      <Filter>src</Filter>
    </ClCompile>
    <ClCompile Include="lib\pop3.c">
      <Filter>src</Filter>
    </ClCompile>
    <ClCompile Include="lib\progress.c">
      <Filter>src</Filter>
    </ClCompile>
    <ClCompile Include="lib\psl.c">
      <Filter>src</Filter>
    </ClCompile>
    <ClCompile Include="lib\rand.c">
      <Filter>src</Filter>
    </ClCompile>
    <ClCompile Include="lib\rename.c">
      <Filter>src</Filter>
    </ClCompile>
    <ClCompile Include="lib\request.c">
      <Filter>src</Filter>
    </ClCompile>
    <ClCompile Include="lib\rtsp.c">
      <Filter>src</Filter>
    </ClCompile>
    <ClCompile Include="lib\select.c">
      <Filter>src</Filter>
    </ClCompile>
    <ClCompile Include="lib\sendf.c">
      <Filter>src</Filter>
    </ClCompile>
    <ClCompile Include="lib\setopt.c">
      <Filter>src</Filter>
    </ClCompile>
    <ClCompile Include="lib\sha256.c">
      <Filter>src</Filter>
    </ClCompile>
    <ClCompile Include="lib\share.c">
      <Filter>src</Filter>
    </ClCompile>
    <ClCompile Include="lib\slist.c">
      <Filter>src</Filter>
    </ClCompile>
    <ClCompile Include="lib\smb.c">
      <Filter>src</Filter>
    </ClCompile>
    <ClCompile Include="lib\smtp.c">
      <Filter>src</Filter>
    </ClCompile>
    <ClCompile Include="lib\socketpair.c">
      <Filter>src</Filter>
    </ClCompile>
    <ClCompile Include="lib\socks.c">
      <Filter>src</Filter>
    </ClCompile>
    <ClCompile Include="lib\socks_gssapi.c">
      <Filter>src</Filter>
    </ClCompile>
    <ClCompile Include="lib\socks_sspi.c">
      <Filter>src</Filter>
    </ClCompile>
    <ClCompile Include="lib\speedcheck.c">
      <Filter>src</Filter>
    </ClCompile>
    <ClCompile Include="lib\splay.c">
      <Filter>src</Filter>
    </ClCompile>
    <ClCompile Include="lib\strcase.c">
      <Filter>src</Filter>
    </ClCompile>
    <ClCompile Include="lib\strdup.c">
      <Filter>src</Filter>
    </ClCompile>
    <ClCompile Include="lib\strequal.c">
      <Filter>src</Filter>
    </ClCompile>
    <ClCompile Include="lib\strerror.c">
      <Filter>src</Filter>
    </ClCompile>
    <ClCompile Include="lib\strparse.c">
      <Filter>src</Filter>
    </ClCompile>
    <ClCompile Include="lib\system_win32.c">
      <Filter>src</Filter>
    </ClCompile>
    <ClCompile Include="lib\telnet.c">
      <Filter>src</Filter>
    </ClCompile>
    <ClCompile Include="lib\tftp.c">
      <Filter>src</Filter>
    </ClCompile>
    <ClCompile Include="lib\timediff.c">
      <Filter>src</Filter>
    </ClCompile>
    <ClCompile Include="lib\timeval.c">
      <Filter>src</Filter>
    </ClCompile>
    <ClCompile Include="lib\transfer.c">
      <Filter>src</Filter>
    </ClCompile>
    <ClCompile Include="lib\url.c">
      <Filter>src</Filter>
    </ClCompile>
    <ClCompile Include="lib\urlapi.c">
      <Filter>src</Filter>
    </ClCompile>
    <ClCompile Include="lib\version.c">
      <Filter>src</Filter>
    </ClCompile>
    <ClCompile Include="lib\version_win32.c">
      <Filter>src</Filter>
    </ClCompile>
    <ClCompile Include="lib\warnless.c">
      <Filter>src</Filter>
    </ClCompile>
    <ClCompile Include="lib\ws.c">
      <Filter>src</Filter>
    </ClCompile>
    <ClCompile Include="lib\vauth\cleartext.c">
      <Filter>src</Filter>
    </ClCompile>
    <ClCompile Include="lib\vauth\cram.c">
      <Filter>src</Filter>
    </ClCompile>
    <ClCompile Include="lib\vauth\digest.c">
      <Filter>src</Filter>
    </ClCompile>
    <ClCompile Include="lib\vauth\digest_sspi.c">
      <Filter>src</Filter>
    </ClCompile>
    <ClCompile Include="lib\vauth\gsasl.c">
      <Filter>src</Filter>
    </ClCompile>
    <ClCompile Include="lib\vauth\krb5_gssapi.c">
      <Filter>src</Filter>
    </ClCompile>
    <ClCompile Include="lib\vauth\krb5_sspi.c">
      <Filter>src</Filter>
    </ClCompile>
    <ClCompile Include="lib\vauth\ntlm.c">
      <Filter>src</Filter>
    </ClCompile>
    <ClCompile Include="lib\vauth\ntlm_sspi.c">
      <Filter>src</Filter>
    </ClCompile>
    <ClCompile Include="lib\vauth\oauth2.c">
      <Filter>src</Filter>
    </ClCompile>
    <ClCompile Include="lib\vauth\spnego_gssapi.c">
      <Filter>src</Filter>
    </ClCompile>
    <ClCompile Include="lib\vauth\spnego_sspi.c">
      <Filter>src</Filter>
    </ClCompile>
    <ClCompile Include="lib\vauth\vauth.c">
      <Filter>src</Filter>
    </ClCompile>
    <ClCompile Include="lib\vquic\curl_msh3.c">
      <Filter>src</Filter>
    </ClCompile>
    <ClCompile Include="lib\vquic\curl_ngtcp2.c">
      <Filter>src</Filter>
    </ClCompile>
    <ClCompile Include="lib\vquic\curl_osslq.c">
      <Filter>src</Filter>
    </ClCompile>
    <ClCompile Include="lib\vquic\curl_quiche.c">
      <Filter>src</Filter>
    </ClCompile>
    <ClCompile Include="lib\vquic\vquic-tls.c">
      <Filter>src</Filter>
    </ClCompile>
    <ClCompile Include="lib\vquic\vquic.c">
      <Filter>src</Filter>
    </ClCompile>
    <ClCompile Include="lib\vssh\curl_path.c">
      <Filter>src</Filter>
    </ClCompile>
    <ClCompile Include="lib\vssh\libssh.c">
      <Filter>src</Filter>
    </ClCompile>
    <ClCompile Include="lib\vssh\libssh2.c">
      <Filter>src</Filter>
    </ClCompile>
    <ClCompile Include="lib\vssh\wolfssh.c">
      <Filter>src</Filter>
    </ClCompile>
    <ClCompile Include="lib\vtls\bearssl.c">
      <Filter>src</Filter>
    </ClCompile>
    <ClCompile Include="lib\vtls\cipher_suite.c">
      <Filter>src</Filter>
    </ClCompile>
    <ClCompile Include="lib\vtls\gtls.c">
      <Filter>src</Filter>
    </ClCompile>
    <ClCompile Include="lib\vtls\hostcheck.c">
      <Filter>src</Filter>
    </ClCompile>
    <ClCompile Include="lib\vtls\keylog.c">
      <Filter>src</Filter>
    </ClCompile>
    <ClCompile Include="lib\vtls\mbedtls.c">
      <Filter>src</Filter>
    </ClCompile>
    <ClCompile Include="lib\vtls\mbedtls_threadlock.c">
      <Filter>src</Filter>
    </ClCompile>
    <ClCompile Include="lib\vtls\openssl.c">
      <Filter>src</Filter>
    </ClCompile>
    <ClCompile Include="lib\vtls\rustls.c">
      <Filter>src</Filter>
    </ClCompile>
    <ClCompile Include="lib\vtls\schannel.c">
      <Filter>src</Filter>
    </ClCompile>
    <ClCompile Include="lib\vtls\schannel_verify.c">
      <Filter>src</Filter>
    </ClCompile>
    <ClCompile Include="lib\vtls\sectransp.c">
      <Filter>src</Filter>
    </ClCompile>
    <ClCompile Include="lib\vtls\vtls.c">
      <Filter>src</Filter>
    </ClCompile>
    <ClCompile Include="lib\vtls\vtls_scache.c">
      <Filter>src</Filter>
    </ClCompile>
    <ClCompile Include="lib\vtls\vtls_spack.c">
      <Filter>src</Filter>
    </ClCompile>
    <ClCompile Include="lib\vtls\wolfssl.c">
      <Filter>src</Filter>
    </ClCompile>
    <ClCompile Include="lib\vtls\x509asn1.c">
      <Filter>src</Filter>
    </ClCompile>
    <ClCompile Include="lib\altsvc.c">
      <Filter>src</Filter>
    </ClCompile>
    <ClCompile Include="lib\amigaos.c">
      <Filter>src</Filter>
    </ClCompile>
    <ClCompile Include="lib\asyn-ares.c">
      <Filter>src</Filter>
    </ClCompile>
    <ClCompile Include="lib\asyn-thread.c">
      <Filter>src</Filter>
    </ClCompile>
    <ClCompile Include="lib\base64.c">
      <Filter>src</Filter>
    </ClCompile>
    <ClCompile Include="lib\bufq.c">
      <Filter>src</Filter>
    </ClCompile>
    <ClCompile Include="lib\bufref.c">
      <Filter>src</Filter>
    </ClCompile>
    <ClCompile Include="lib\cf-h1-proxy.c">
      <Filter>src</Filter>
    </ClCompile>
  </ItemGroup>
  <ItemGroup>
    <Text Include="lib\CMakeLists.txt">
      <Filter>src</Filter>
    </Text>
  </ItemGroup>
  <ItemGroup>
    <None Include="lib\curl_config.h.cmake">
      <Filter>src</Filter>
    </None>
    <None Include="lib\curl_config.h.in">
      <Filter>src</Filter>
    </None>
    <None Include="lib\libcurl.def">
      <Filter>src</Filter>
    </None>
    <None Include="lib\libcurl.vers.in">
      <Filter>src</Filter>
    </None>
    <None Include="lib\Makefile.am">
      <Filter>src</Filter>
    </None>
    <None Include="lib\Makefile.in">
      <Filter>src</Filter>
    </None>
    <None Include="lib\Makefile.inc">
      <Filter>src</Filter>
    </None>
    <None Include="lib\Makefile.soname">
      <Filter>src</Filter>
    </None>
    <None Include="lib\optiontable.pl">
      <Filter>src</Filter>
    </None>
    <None Include="lib\.checksrc">
      <Filter>src</Filter>
    </None>
  </ItemGroup>
  <ItemGroup>
    <ResourceCompile Include="lib\libcurl.rc">
      <Filter>src</Filter>
    </ResourceCompile>
  </ItemGroup>
</Project>